
Microsoft Visual Studio Solution File, Format Version 11.00
# Visual Studio 2010
Project("{FAE04EC0-301F-11D3-BF4B-00C04F79EFBC}") = "MVCHelpers", "MVCHelpers.csproj", "{BE9465DB-6221-4C38-998C-D87EFE28A4E7}"
EndProject
Project("{FAE04EC0-301F-11D3-BF4B-00C04F79EFBC}") = "MVCHelpers.Tests", "..\MVCHelpers.Tests\MVCHelpers.Tests.csproj", "{79FB831F-2FA5-4652-A219-21A52E562192}"
EndProject
Project("{FAE04EC0-301F-11D3-BF4B-00C04F79EFBC}") = "Tools", "..\Tools\Tools.csproj", "{B17651E8-0FA9-40A1-82C7-079FD273BA7A}"
EndProject
Global
	GlobalSection(SubversionScc) = preSolution
		Svn-Managed = True
		Manager = AnkhSVN - Subversion Support for Visual Studio
	EndGlobalSection
	GlobalSection(SolutionConfigurationPlatforms) = preSolution
		Debug|Any CPU = Debug|Any CPU
		Debug|Mixed Platforms = Debug|Mixed Platforms
		Debug|x86 = Debug|x86
		Release|Any CPU = Release|Any CPU
		Release|Mixed Platforms = Release|Mixed Platforms
		Release|x86 = Release|x86
	EndGlobalSection
	GlobalSection(ProjectConfigurationPlatforms) = postSolution
		{BE9465DB-6221-4C38-998C-D87EFE28A4E7}.Debug|Any CPU.ActiveCfg = Debug|x86
		{BE9465DB-6221-4C38-998C-D87EFE28A4E7}.Debug|Mixed Platforms.ActiveCfg = Debug|x86
		{BE9465DB-6221-4C38-998C-D87EFE28A4E7}.Debug|Mixed Platforms.Build.0 = Debug|x86
		{BE9465DB-6221-4C38-998C-D87EFE28A4E7}.Debug|x86.ActiveCfg = Debug|x86
		{BE9465DB-6221-4C38-998C-D87EFE28A4E7}.Debug|x86.Build.0 = Debug|x86
		{BE9465DB-6221-4C38-998C-D87EFE28A4E7}.Release|Any CPU.ActiveCfg = Release|x86
		{BE9465DB-6221-4C38-998C-D87EFE28A4E7}.Release|Mixed Platforms.ActiveCfg = Release|x86
		{BE9465DB-6221-4C38-998C-D87EFE28A4E7}.Release|Mixed Platforms.Build.0 = Release|x86
		{BE9465DB-6221-4C38-998C-D87EFE28A4E7}.Release|x86.ActiveCfg = Release|x86
		{BE9465DB-6221-4C38-998C-D87EFE28A4E7}.Release|x86.Build.0 = Release|x86
		{79FB831F-2FA5-4652-A219-21A52E562192}.Debug|Any CPU.ActiveCfg = Debug|x86
		{79FB831F-2FA5-4652-A219-21A52E562192}.Debug|Mixed Platforms.ActiveCfg = Debug|x86
		{79FB831F-2FA5-4652-A219-21A52E562192}.Debug|Mixed Platforms.Build.0 = Debug|x86
		{79FB831F-2FA5-4652-A219-21A52E562192}.Debug|x86.ActiveCfg = Debug|x86
		{79FB831F-2FA5-4652-A219-21A52E562192}.Debug|x86.Build.0 = Debug|x86
		{79FB831F-2FA5-4652-A219-21A52E562192}.Release|Any CPU.ActiveCfg = Release|x86
		{79FB831F-2FA5-4652-A219-21A52E562192}.Release|Mixed Platforms.ActiveCfg = Release|x86
		{79FB831F-2FA5-4652-A219-21A52E562192}.Release|Mixed Platforms.Build.0 = Release|x86
		{79FB831F-2FA5-4652-A219-21A52E562192}.Release|x86.ActiveCfg = Release|x86
		{79FB831F-2FA5-4652-A219-21A52E562192}.Release|x86.Build.0 = Release|x86
		{B17651E8-0FA9-40A1-82C7-079FD273BA7A}.Debug|Any CPU.ActiveCfg = Debug|Any CPU
		{B17651E8-0FA9-40A1-82C7-079FD273BA7A}.Debug|Any CPU.Build.0 = Debug|Any CPU
		{B17651E8-0FA9-40A1-82C7-079FD273BA7A}.Debug|Mixed Platforms.ActiveCfg = Debug|Any CPU
		{B17651E8-0FA9-40A1-82C7-079FD273BA7A}.Debug|Mixed Platforms.Build.0 = Debug|Any CPU
		{B17651E8-0FA9-40A1-82C7-079FD273BA7A}.Debug|x86.ActiveCfg = Debug|Any CPU
		{B17651E8-0FA9-40A1-82C7-079FD273BA7A}.Release|Any CPU.ActiveCfg = Release|Any CPU
		{B17651E8-0FA9-40A1-82C7-079FD273BA7A}.Release|Any CPU.Build.0 = Release|Any CPU
		{B17651E8-0FA9-40A1-82C7-079FD273BA7A}.Release|Mixed Platforms.ActiveCfg = Release|Any CPU
		{B17651E8-0FA9-40A1-82C7-079FD273BA7A}.Release|Mixed Platforms.Build.0 = Release|Any CPU
		{B17651E8-0FA9-40A1-82C7-079FD273BA7A}.Release|x86.ActiveCfg = Release|Any CPU
	EndGlobalSection
	GlobalSection(SolutionProperties) = preSolution
		HideSolutionNode = FALSE
	EndGlobalSection
EndGlobal
