
Microsoft Visual Studio Solution File, Format Version 12.00
# Visual Studio 2013
VisualStudioVersion = 12.0.30501.0
MinimumVisualStudioVersion = 10.0.40219.1
Project("{FAE04EC0-301F-11D3-BF4B-00C04F79EFBC}") = "SampleXamarinForms", "SampleXamarinForms\SampleXamarinForms\SampleXamarinForms.csproj", "{25553D0B-DC65-4AC8-A8B7-4B787D50147C}"
EndProject
Project("{FAE04EC0-301F-11D3-BF4B-00C04F79EFBC}") = "SampleXamarinForms.iOS", "SampleXamarinForms\SampleXamarinForms.iOS\SampleXamarinForms.iOS.csproj", "{C7AACB39-8837-4E6C-A54F-223BEE837067}"
EndProject
Project("{FAE04EC0-301F-11D3-BF4B-00C04F79EFBC}") = "SampleXamarinForms.Android", "SampleXamarinForms\SampleXamarinForms.Android\SampleXamarinForms.Android.csproj", "{63B5F96A-3053-4167-8E98-B996E2333512}"
EndProject
Project("{FAE04EC0-301F-11D3-BF4B-00C04F79EFBC}") = "SampleXamarinForms.WinPhone", "SampleXamarinForms\SampleXamarinForms.WinPhone\SampleXamarinForms.WinPhone.csproj", "{6EF8F1F0-E905-4D3A-9785-2EA8DA990C61}"
EndProject
Project("{FAE04EC0-301F-11D3-BF4B-00C04F79EFBC}") = "SampleXamarinForms_Tests", "SampleXamarinForms_Tests\SampleXamarinForms_Tests.csproj", "{D47E3203-0E63-44BB-A1CD-CBAF5ADA650B}"
EndProject
Global
	GlobalSection(SolutionConfigurationPlatforms) = preSolution
		Ad-Hoc|Any CPU = Ad-Hoc|Any CPU
		Ad-Hoc|ARM = Ad-Hoc|ARM
		Ad-Hoc|iPhone = Ad-Hoc|iPhone
		Ad-Hoc|iPhoneSimulator = Ad-Hoc|iPhoneSimulator
		Ad-Hoc|Mixed Platforms = Ad-Hoc|Mixed Platforms
		Ad-Hoc|x86 = Ad-Hoc|x86
		AppStore|Any CPU = AppStore|Any CPU
		AppStore|ARM = AppStore|ARM
		AppStore|iPhone = AppStore|iPhone
		AppStore|iPhoneSimulator = AppStore|iPhoneSimulator
		AppStore|Mixed Platforms = AppStore|Mixed Platforms
		AppStore|x86 = AppStore|x86
		Debug|Any CPU = Debug|Any CPU
		Debug|ARM = Debug|ARM
		Debug|iPhone = Debug|iPhone
		Debug|iPhoneSimulator = Debug|iPhoneSimulator
		Debug|Mixed Platforms = Debug|Mixed Platforms
		Debug|x86 = Debug|x86
		Release|Any CPU = Release|Any CPU
		Release|ARM = Release|ARM
		Release|iPhone = Release|iPhone
		Release|iPhoneSimulator = Release|iPhoneSimulator
		Release|Mixed Platforms = Release|Mixed Platforms
		Release|x86 = Release|x86
	EndGlobalSection
	GlobalSection(ProjectConfigurationPlatforms) = postSolution
		{25553D0B-DC65-4AC8-A8B7-4B787D50147C}.Ad-Hoc|Any CPU.ActiveCfg = Release|Any CPU
		{25553D0B-DC65-4AC8-A8B7-4B787D50147C}.Ad-Hoc|Any CPU.Build.0 = Release|Any CPU
		{25553D0B-DC65-4AC8-A8B7-4B787D50147C}.Ad-Hoc|ARM.ActiveCfg = Release|Any CPU
		{25553D0B-DC65-4AC8-A8B7-4B787D50147C}.Ad-Hoc|iPhone.ActiveCfg = Release|Any CPU
		{25553D0B-DC65-4AC8-A8B7-4B787D50147C}.Ad-Hoc|iPhoneSimulator.ActiveCfg = Release|Any CPU
		{25553D0B-DC65-4AC8-A8B7-4B787D50147C}.Ad-Hoc|Mixed Platforms.ActiveCfg = Release|Any CPU
		{25553D0B-DC65-4AC8-A8B7-4B787D50147C}.Ad-Hoc|Mixed Platforms.Build.0 = Release|Any CPU
		{25553D0B-DC65-4AC8-A8B7-4B787D50147C}.Ad-Hoc|x86.ActiveCfg = Release|Any CPU
		{25553D0B-DC65-4AC8-A8B7-4B787D50147C}.AppStore|Any CPU.ActiveCfg = Release|Any CPU
		{25553D0B-DC65-4AC8-A8B7-4B787D50147C}.AppStore|Any CPU.Build.0 = Release|Any CPU
		{25553D0B-DC65-4AC8-A8B7-4B787D50147C}.AppStore|ARM.ActiveCfg = Release|Any CPU
		{25553D0B-DC65-4AC8-A8B7-4B787D50147C}.AppStore|iPhone.ActiveCfg = Release|Any CPU
		{25553D0B-DC65-4AC8-A8B7-4B787D50147C}.AppStore|iPhoneSimulator.ActiveCfg = Release|Any CPU
		{25553D0B-DC65-4AC8-A8B7-4B787D50147C}.AppStore|Mixed Platforms.ActiveCfg = Release|Any CPU
		{25553D0B-DC65-4AC8-A8B7-4B787D50147C}.AppStore|Mixed Platforms.Build.0 = Release|Any CPU
		{25553D0B-DC65-4AC8-A8B7-4B787D50147C}.AppStore|x86.ActiveCfg = Release|Any CPU
		{25553D0B-DC65-4AC8-A8B7-4B787D50147C}.Debug|Any CPU.ActiveCfg = Debug|Any CPU
		{25553D0B-DC65-4AC8-A8B7-4B787D50147C}.Debug|Any CPU.Build.0 = Debug|Any CPU
		{25553D0B-DC65-4AC8-A8B7-4B787D50147C}.Debug|ARM.ActiveCfg = Debug|Any CPU
		{25553D0B-DC65-4AC8-A8B7-4B787D50147C}.Debug|iPhone.ActiveCfg = Debug|Any CPU
		{25553D0B-DC65-4AC8-A8B7-4B787D50147C}.Debug|iPhoneSimulator.ActiveCfg = Debug|Any CPU
		{25553D0B-DC65-4AC8-A8B7-4B787D50147C}.Debug|Mixed Platforms.ActiveCfg = Debug|Any CPU
		{25553D0B-DC65-4AC8-A8B7-4B787D50147C}.Debug|Mixed Platforms.Build.0 = Debug|Any CPU
		{25553D0B-DC65-4AC8-A8B7-4B787D50147C}.Debug|x86.ActiveCfg = Debug|Any CPU
		{25553D0B-DC65-4AC8-A8B7-4B787D50147C}.Release|Any CPU.ActiveCfg = Release|Any CPU
		{25553D0B-DC65-4AC8-A8B7-4B787D50147C}.Release|Any CPU.Build.0 = Release|Any CPU
		{25553D0B-DC65-4AC8-A8B7-4B787D50147C}.Release|ARM.ActiveCfg = Release|Any CPU
		{25553D0B-DC65-4AC8-A8B7-4B787D50147C}.Release|iPhone.ActiveCfg = Release|Any CPU
		{25553D0B-DC65-4AC8-A8B7-4B787D50147C}.Release|iPhoneSimulator.ActiveCfg = Release|Any CPU
		{25553D0B-DC65-4AC8-A8B7-4B787D50147C}.Release|Mixed Platforms.ActiveCfg = Release|Any CPU
		{25553D0B-DC65-4AC8-A8B7-4B787D50147C}.Release|Mixed Platforms.Build.0 = Release|Any CPU
		{25553D0B-DC65-4AC8-A8B7-4B787D50147C}.Release|x86.ActiveCfg = Release|Any CPU
		{C7AACB39-8837-4E6C-A54F-223BEE837067}.Ad-Hoc|Any CPU.ActiveCfg = Ad-Hoc|iPhone
		{C7AACB39-8837-4E6C-A54F-223BEE837067}.Ad-Hoc|ARM.ActiveCfg = Ad-Hoc|iPhone
		{C7AACB39-8837-4E6C-A54F-223BEE837067}.Ad-Hoc|iPhone.ActiveCfg = Ad-Hoc|iPhone
		{C7AACB39-8837-4E6C-A54F-223BEE837067}.Ad-Hoc|iPhone.Build.0 = Ad-Hoc|iPhone
		{C7AACB39-8837-4E6C-A54F-223BEE837067}.Ad-Hoc|iPhone.Deploy.0 = Ad-Hoc|iPhone
		{C7AACB39-8837-4E6C-A54F-223BEE837067}.Ad-Hoc|iPhoneSimulator.ActiveCfg = Ad-Hoc|iPhoneSimulator
		{C7AACB39-8837-4E6C-A54F-223BEE837067}.Ad-Hoc|iPhoneSimulator.Build.0 = Ad-Hoc|iPhoneSimulator
		{C7AACB39-8837-4E6C-A54F-223BEE837067}.Ad-Hoc|iPhoneSimulator.Deploy.0 = Ad-Hoc|iPhoneSimulator
		{C7AACB39-8837-4E6C-A54F-223BEE837067}.Ad-Hoc|Mixed Platforms.ActiveCfg = Ad-Hoc|iPhone
		{C7AACB39-8837-4E6C-A54F-223BEE837067}.Ad-Hoc|Mixed Platforms.Build.0 = Ad-Hoc|iPhone
		{C7AACB39-8837-4E6C-A54F-223BEE837067}.Ad-Hoc|Mixed Platforms.Deploy.0 = Ad-Hoc|iPhone
		{C7AACB39-8837-4E6C-A54F-223BEE837067}.Ad-Hoc|x86.ActiveCfg = Ad-Hoc|iPhone
		{C7AACB39-8837-4E6C-A54F-223BEE837067}.AppStore|Any CPU.ActiveCfg = AppStore|iPhone
		{C7AACB39-8837-4E6C-A54F-223BEE837067}.AppStore|ARM.ActiveCfg = AppStore|iPhone
		{C7AACB39-8837-4E6C-A54F-223BEE837067}.AppStore|iPhone.ActiveCfg = AppStore|iPhone
		{C7AACB39-8837-4E6C-A54F-223BEE837067}.AppStore|iPhone.Build.0 = AppStore|iPhone
		{C7AACB39-8837-4E6C-A54F-223BEE837067}.AppStore|iPhone.Deploy.0 = AppStore|iPhone
		{C7AACB39-8837-4E6C-A54F-223BEE837067}.AppStore|iPhoneSimulator.ActiveCfg = AppStore|iPhoneSimulator
		{C7AACB39-8837-4E6C-A54F-223BEE837067}.AppStore|iPhoneSimulator.Build.0 = AppStore|iPhoneSimulator
		{C7AACB39-8837-4E6C-A54F-223BEE837067}.AppStore|iPhoneSimulator.Deploy.0 = AppStore|iPhoneSimulator
		{C7AACB39-8837-4E6C-A54F-223BEE837067}.AppStore|Mixed Platforms.ActiveCfg = AppStore|iPhone
		{C7AACB39-8837-4E6C-A54F-223BEE837067}.AppStore|Mixed Platforms.Build.0 = AppStore|iPhone
		{C7AACB39-8837-4E6C-A54F-223BEE837067}.AppStore|Mixed Platforms.Deploy.0 = AppStore|iPhone
		{C7AACB39-8837-4E6C-A54F-223BEE837067}.AppStore|x86.ActiveCfg = AppStore|iPhone
		{C7AACB39-8837-4E6C-A54F-223BEE837067}.Debug|Any CPU.ActiveCfg = Debug|iPhone
		{C7AACB39-8837-4E6C-A54F-223BEE837067}.Debug|ARM.ActiveCfg = Debug|iPhone
		{C7AACB39-8837-4E6C-A54F-223BEE837067}.Debug|iPhone.ActiveCfg = Debug|iPhone
		{C7AACB39-8837-4E6C-A54F-223BEE837067}.Debug|iPhone.Build.0 = Debug|iPhone
		{C7AACB39-8837-4E6C-A54F-223BEE837067}.Debug|iPhone.Deploy.0 = Debug|iPhone
		{C7AACB39-8837-4E6C-A54F-223BEE837067}.Debug|iPhoneSimulator.ActiveCfg = Debug|iPhoneSimulator
		{C7AACB39-8837-4E6C-A54F-223BEE837067}.Debug|iPhoneSimulator.Build.0 = Debug|iPhoneSimulator
		{C7AACB39-8837-4E6C-A54F-223BEE837067}.Debug|iPhoneSimulator.Deploy.0 = Debug|iPhoneSimulator
		{C7AACB39-8837-4E6C-A54F-223BEE837067}.Debug|Mixed Platforms.ActiveCfg = Debug|iPhone
		{C7AACB39-8837-4E6C-A54F-223BEE837067}.Debug|Mixed Platforms.Build.0 = Debug|iPhone
		{C7AACB39-8837-4E6C-A54F-223BEE837067}.Debug|Mixed Platforms.Deploy.0 = Debug|iPhone
		{C7AACB39-8837-4E6C-A54F-223BEE837067}.Debug|x86.ActiveCfg = Debug|iPhone
		{C7AACB39-8837-4E6C-A54F-223BEE837067}.Release|Any CPU.ActiveCfg = Release|iPhone
		{C7AACB39-8837-4E6C-A54F-223BEE837067}.Release|ARM.ActiveCfg = Release|iPhone
		{C7AACB39-8837-4E6C-A54F-223BEE837067}.Release|iPhone.ActiveCfg = Release|iPhone
		{C7AACB39-8837-4E6C-A54F-223BEE837067}.Release|iPhone.Build.0 = Release|iPhone
		{C7AACB39-8837-4E6C-A54F-223BEE837067}.Release|iPhone.Deploy.0 = Release|iPhone
		{C7AACB39-8837-4E6C-A54F-223BEE837067}.Release|iPhoneSimulator.ActiveCfg = Release|iPhoneSimulator
		{C7AACB39-8837-4E6C-A54F-223BEE837067}.Release|iPhoneSimulator.Build.0 = Release|iPhoneSimulator
		{C7AACB39-8837-4E6C-A54F-223BEE837067}.Release|iPhoneSimulator.Deploy.0 = Release|iPhoneSimulator
		{C7AACB39-8837-4E6C-A54F-223BEE837067}.Release|Mixed Platforms.ActiveCfg = Release|iPhone
		{C7AACB39-8837-4E6C-A54F-223BEE837067}.Release|Mixed Platforms.Build.0 = Release|iPhone
		{C7AACB39-8837-4E6C-A54F-223BEE837067}.Release|Mixed Platforms.Deploy.0 = Release|iPhone
		{C7AACB39-8837-4E6C-A54F-223BEE837067}.Release|x86.ActiveCfg = Release|iPhone
		{63B5F96A-3053-4167-8E98-B996E2333512}.Ad-Hoc|Any CPU.ActiveCfg = Release|Any CPU
		{63B5F96A-3053-4167-8E98-B996E2333512}.Ad-Hoc|Any CPU.Build.0 = Release|Any CPU
		{63B5F96A-3053-4167-8E98-B996E2333512}.Ad-Hoc|Any CPU.Deploy.0 = Release|Any CPU
		{63B5F96A-3053-4167-8E98-B996E2333512}.Ad-Hoc|ARM.ActiveCfg = Release|Any CPU
		{63B5F96A-3053-4167-8E98-B996E2333512}.Ad-Hoc|iPhone.ActiveCfg = Release|Any CPU
		{63B5F96A-3053-4167-8E98-B996E2333512}.Ad-Hoc|iPhoneSimulator.ActiveCfg = Release|Any CPU
		{63B5F96A-3053-4167-8E98-B996E2333512}.Ad-Hoc|Mixed Platforms.ActiveCfg = Release|Any CPU
		{63B5F96A-3053-4167-8E98-B996E2333512}.Ad-Hoc|Mixed Platforms.Build.0 = Release|Any CPU
		{63B5F96A-3053-4167-8E98-B996E2333512}.Ad-Hoc|Mixed Platforms.Deploy.0 = Release|Any CPU
		{63B5F96A-3053-4167-8E98-B996E2333512}.Ad-Hoc|x86.ActiveCfg = Release|Any CPU
		{63B5F96A-3053-4167-8E98-B996E2333512}.AppStore|Any CPU.ActiveCfg = Release|Any CPU
		{63B5F96A-3053-4167-8E98-B996E2333512}.AppStore|Any CPU.Build.0 = Release|Any CPU
		{63B5F96A-3053-4167-8E98-B996E2333512}.AppStore|Any CPU.Deploy.0 = Release|Any CPU
		{63B5F96A-3053-4167-8E98-B996E2333512}.AppStore|ARM.ActiveCfg = Release|Any CPU
		{63B5F96A-3053-4167-8E98-B996E2333512}.AppStore|iPhone.ActiveCfg = Release|Any CPU
		{63B5F96A-3053-4167-8E98-B996E2333512}.AppStore|iPhoneSimulator.ActiveCfg = Release|Any CPU
		{63B5F96A-3053-4167-8E98-B996E2333512}.AppStore|Mixed Platforms.ActiveCfg = Release|Any CPU
		{63B5F96A-3053-4167-8E98-B996E2333512}.AppStore|Mixed Platforms.Build.0 = Release|Any CPU
		{63B5F96A-3053-4167-8E98-B996E2333512}.AppStore|Mixed Platforms.Deploy.0 = Release|Any CPU
		{63B5F96A-3053-4167-8E98-B996E2333512}.AppStore|x86.ActiveCfg = Release|Any CPU
		{63B5F96A-3053-4167-8E98-B996E2333512}.Debug|Any CPU.ActiveCfg = Debug|Any CPU
		{63B5F96A-3053-4167-8E98-B996E2333512}.Debug|Any CPU.Build.0 = Debug|Any CPU
		{63B5F96A-3053-4167-8E98-B996E2333512}.Debug|Any CPU.Deploy.0 = Debug|Any CPU
		{63B5F96A-3053-4167-8E98-B996E2333512}.Debug|ARM.ActiveCfg = Debug|Any CPU
		{63B5F96A-3053-4167-8E98-B996E2333512}.Debug|iPhone.ActiveCfg = Debug|Any CPU
		{63B5F96A-3053-4167-8E98-B996E2333512}.Debug|iPhoneSimulator.ActiveCfg = Debug|Any CPU
		{63B5F96A-3053-4167-8E98-B996E2333512}.Debug|Mixed Platforms.ActiveCfg = Debug|Any CPU
		{63B5F96A-3053-4167-8E98-B996E2333512}.Debug|Mixed Platforms.Build.0 = Debug|Any CPU
		{63B5F96A-3053-4167-8E98-B996E2333512}.Debug|Mixed Platforms.Deploy.0 = Debug|Any CPU
		{63B5F96A-3053-4167-8E98-B996E2333512}.Debug|x86.ActiveCfg = Debug|Any CPU
		{63B5F96A-3053-4167-8E98-B996E2333512}.Release|Any CPU.ActiveCfg = Release|Any CPU
		{63B5F96A-3053-4167-8E98-B996E2333512}.Release|Any CPU.Build.0 = Release|Any CPU
		{63B5F96A-3053-4167-8E98-B996E2333512}.Release|Any CPU.Deploy.0 = Release|Any CPU
		{63B5F96A-3053-4167-8E98-B996E2333512}.Release|ARM.ActiveCfg = Release|Any CPU
		{63B5F96A-3053-4167-8E98-B996E2333512}.Release|iPhone.ActiveCfg = Release|Any CPU
		{63B5F96A-3053-4167-8E98-B996E2333512}.Release|iPhoneSimulator.ActiveCfg = Release|Any CPU
		{63B5F96A-3053-4167-8E98-B996E2333512}.Release|Mixed Platforms.ActiveCfg = Release|Any CPU
		{63B5F96A-3053-4167-8E98-B996E2333512}.Release|Mixed Platforms.Build.0 = Release|Any CPU
		{63B5F96A-3053-4167-8E98-B996E2333512}.Release|Mixed Platforms.Deploy.0 = Release|Any CPU
		{63B5F96A-3053-4167-8E98-B996E2333512}.Release|x86.ActiveCfg = Release|Any CPU
		{6EF8F1F0-E905-4D3A-9785-2EA8DA990C61}.Ad-Hoc|Any CPU.ActiveCfg = Release|Any CPU
		{6EF8F1F0-E905-4D3A-9785-2EA8DA990C61}.Ad-Hoc|Any CPU.Build.0 = Release|Any CPU
		{6EF8F1F0-E905-4D3A-9785-2EA8DA990C61}.Ad-Hoc|Any CPU.Deploy.0 = Release|Any CPU
		{6EF8F1F0-E905-4D3A-9785-2EA8DA990C61}.Ad-Hoc|ARM.ActiveCfg = Release|ARM
		{6EF8F1F0-E905-4D3A-9785-2EA8DA990C61}.Ad-Hoc|ARM.Build.0 = Release|ARM
		{6EF8F1F0-E905-4D3A-9785-2EA8DA990C61}.Ad-Hoc|ARM.Deploy.0 = Release|ARM
		{6EF8F1F0-E905-4D3A-9785-2EA8DA990C61}.Ad-Hoc|iPhone.ActiveCfg = Release|Any CPU
		{6EF8F1F0-E905-4D3A-9785-2EA8DA990C61}.Ad-Hoc|iPhoneSimulator.ActiveCfg = Release|Any CPU
		{6EF8F1F0-E905-4D3A-9785-2EA8DA990C61}.Ad-Hoc|Mixed Platforms.ActiveCfg = Release|x86
		{6EF8F1F0-E905-4D3A-9785-2EA8DA990C61}.Ad-Hoc|Mixed Platforms.Build.0 = Release|x86
		{6EF8F1F0-E905-4D3A-9785-2EA8DA990C61}.Ad-Hoc|Mixed Platforms.Deploy.0 = Release|x86
		{6EF8F1F0-E905-4D3A-9785-2EA8DA990C61}.Ad-Hoc|x86.ActiveCfg = Release|x86
		{6EF8F1F0-E905-4D3A-9785-2EA8DA990C61}.Ad-Hoc|x86.Build.0 = Release|x86
		{6EF8F1F0-E905-4D3A-9785-2EA8DA990C61}.Ad-Hoc|x86.Deploy.0 = Release|x86
		{6EF8F1F0-E905-4D3A-9785-2EA8DA990C61}.AppStore|Any CPU.ActiveCfg = Release|Any CPU
		{6EF8F1F0-E905-4D3A-9785-2EA8DA990C61}.AppStore|Any CPU.Build.0 = Release|Any CPU
		{6EF8F1F0-E905-4D3A-9785-2EA8DA990C61}.AppStore|Any CPU.Deploy.0 = Release|Any CPU
		{6EF8F1F0-E905-4D3A-9785-2EA8DA990C61}.AppStore|ARM.ActiveCfg = Release|ARM
		{6EF8F1F0-E905-4D3A-9785-2EA8DA990C61}.AppStore|ARM.Build.0 = Release|ARM
		{6EF8F1F0-E905-4D3A-9785-2EA8DA990C61}.AppStore|ARM.Deploy.0 = Release|ARM
		{6EF8F1F0-E905-4D3A-9785-2EA8DA990C61}.AppStore|iPhone.ActiveCfg = Release|Any CPU
		{6EF8F1F0-E905-4D3A-9785-2EA8DA990C61}.AppStore|iPhoneSimulator.ActiveCfg = Release|Any CPU
		{6EF8F1F0-E905-4D3A-9785-2EA8DA990C61}.AppStore|Mixed Platforms.ActiveCfg = Release|x86
		{6EF8F1F0-E905-4D3A-9785-2EA8DA990C61}.AppStore|Mixed Platforms.Build.0 = Release|x86
		{6EF8F1F0-E905-4D3A-9785-2EA8DA990C61}.AppStore|Mixed Platforms.Deploy.0 = Release|x86
		{6EF8F1F0-E905-4D3A-9785-2EA8DA990C61}.AppStore|x86.ActiveCfg = Release|x86
		{6EF8F1F0-E905-4D3A-9785-2EA8DA990C61}.AppStore|x86.Build.0 = Release|x86
		{6EF8F1F0-E905-4D3A-9785-2EA8DA990C61}.AppStore|x86.Deploy.0 = Release|x86
		{6EF8F1F0-E905-4D3A-9785-2EA8DA990C61}.Debug|Any CPU.ActiveCfg = Debug|Any CPU
		{6EF8F1F0-E905-4D3A-9785-2EA8DA990C61}.Debug|Any CPU.Build.0 = Debug|Any CPU
		{6EF8F1F0-E905-4D3A-9785-2EA8DA990C61}.Debug|Any CPU.Deploy.0 = Debug|Any CPU
		{6EF8F1F0-E905-4D3A-9785-2EA8DA990C61}.Debug|ARM.ActiveCfg = Debug|ARM
		{6EF8F1F0-E905-4D3A-9785-2EA8DA990C61}.Debug|ARM.Build.0 = Debug|ARM
		{6EF8F1F0-E905-4D3A-9785-2EA8DA990C61}.Debug|ARM.Deploy.0 = Debug|ARM
		{6EF8F1F0-E905-4D3A-9785-2EA8DA990C61}.Debug|iPhone.ActiveCfg = Debug|Any CPU
		{6EF8F1F0-E905-4D3A-9785-2EA8DA990C61}.Debug|iPhoneSimulator.ActiveCfg = Debug|Any CPU
		{6EF8F1F0-E905-4D3A-9785-2EA8DA990C61}.Debug|Mixed Platforms.ActiveCfg = Debug|ARM
		{6EF8F1F0-E905-4D3A-9785-2EA8DA990C61}.Debug|Mixed Platforms.Build.0 = Debug|ARM
		{6EF8F1F0-E905-4D3A-9785-2EA8DA990C61}.Debug|Mixed Platforms.Deploy.0 = Debug|ARM
		{6EF8F1F0-E905-4D3A-9785-2EA8DA990C61}.Debug|x86.ActiveCfg = Debug|x86
		{6EF8F1F0-E905-4D3A-9785-2EA8DA990C61}.Debug|x86.Build.0 = Debug|x86
		{6EF8F1F0-E905-4D3A-9785-2EA8DA990C61}.Debug|x86.Deploy.0 = Debug|x86
		{6EF8F1F0-E905-4D3A-9785-2EA8DA990C61}.Release|Any CPU.ActiveCfg = Release|Any CPU
		{6EF8F1F0-E905-4D3A-9785-2EA8DA990C61}.Release|Any CPU.Build.0 = Release|Any CPU
		{6EF8F1F0-E905-4D3A-9785-2EA8DA990C61}.Release|Any CPU.Deploy.0 = Release|Any CPU
		{6EF8F1F0-E905-4D3A-9785-2EA8DA990C61}.Release|ARM.ActiveCfg = Release|ARM
		{6EF8F1F0-E905-4D3A-9785-2EA8DA990C61}.Release|ARM.Build.0 = Release|ARM
		{6EF8F1F0-E905-4D3A-9785-2EA8DA990C61}.Release|ARM.Deploy.0 = Release|ARM
		{6EF8F1F0-E905-4D3A-9785-2EA8DA990C61}.Release|iPhone.ActiveCfg = Release|Any CPU
		{6EF8F1F0-E905-4D3A-9785-2EA8DA990C61}.Release|iPhoneSimulator.ActiveCfg = Release|Any CPU
		{6EF8F1F0-E905-4D3A-9785-2EA8DA990C61}.Release|Mixed Platforms.ActiveCfg = Release|x86
		{6EF8F1F0-E905-4D3A-9785-2EA8DA990C61}.Release|Mixed Platforms.Build.0 = Release|x86
		{6EF8F1F0-E905-4D3A-9785-2EA8DA990C61}.Release|Mixed Platforms.Deploy.0 = Release|x86
		{6EF8F1F0-E905-4D3A-9785-2EA8DA990C61}.Release|x86.ActiveCfg = Release|x86
		{6EF8F1F0-E905-4D3A-9785-2EA8DA990C61}.Release|x86.Build.0 = Release|x86
		{6EF8F1F0-E905-4D3A-9785-2EA8DA990C61}.Release|x86.Deploy.0 = Release|x86
		{D47E3203-0E63-44BB-A1CD-CBAF5ADA650B}.Ad-Hoc|Any CPU.ActiveCfg = Release|Any CPU
		{D47E3203-0E63-44BB-A1CD-CBAF5ADA650B}.Ad-Hoc|Any CPU.Build.0 = Release|Any CPU
		{D47E3203-0E63-44BB-A1CD-CBAF5ADA650B}.Ad-Hoc|ARM.ActiveCfg = Release|Any CPU
		{D47E3203-0E63-44BB-A1CD-CBAF5ADA650B}.Ad-Hoc|iPhone.ActiveCfg = Release|Any CPU
		{D47E3203-0E63-44BB-A1CD-CBAF5ADA650B}.Ad-Hoc|iPhoneSimulator.ActiveCfg = Release|Any CPU
		{D47E3203-0E63-44BB-A1CD-CBAF5ADA650B}.Ad-Hoc|Mixed Platforms.ActiveCfg = Release|Any CPU
		{D47E3203-0E63-44BB-A1CD-CBAF5ADA650B}.Ad-Hoc|Mixed Platforms.Build.0 = Release|Any CPU
		{D47E3203-0E63-44BB-A1CD-CBAF5ADA650B}.Ad-Hoc|x86.ActiveCfg = Release|Any CPU
		{D47E3203-0E63-44BB-A1CD-CBAF5ADA650B}.AppStore|Any CPU.ActiveCfg = Release|Any CPU
		{D47E3203-0E63-44BB-A1CD-CBAF5ADA650B}.AppStore|Any CPU.Build.0 = Release|Any CPU
		{D47E3203-0E63-44BB-A1CD-CBAF5ADA650B}.AppStore|ARM.ActiveCfg = Release|Any CPU
		{D47E3203-0E63-44BB-A1CD-CBAF5ADA650B}.AppStore|iPhone.ActiveCfg = Release|Any CPU
		{D47E3203-0E63-44BB-A1CD-CBAF5ADA650B}.AppStore|iPhoneSimulator.ActiveCfg = Release|Any CPU
		{D47E3203-0E63-44BB-A1CD-CBAF5ADA650B}.AppStore|Mixed Platforms.ActiveCfg = Release|Any CPU
		{D47E3203-0E63-44BB-A1CD-CBAF5ADA650B}.AppStore|Mixed Platforms.Build.0 = Release|Any CPU
		{D47E3203-0E63-44BB-A1CD-CBAF5ADA650B}.AppStore|x86.ActiveCfg = Release|Any CPU
		{D47E3203-0E63-44BB-A1CD-CBAF5ADA650B}.Debug|Any CPU.ActiveCfg = Debug|Any CPU
		{D47E3203-0E63-44BB-A1CD-CBAF5ADA650B}.Debug|Any CPU.Build.0 = Debug|Any CPU
		{D47E3203-0E63-44BB-A1CD-CBAF5ADA650B}.Debug|ARM.ActiveCfg = Debug|Any CPU
		{D47E3203-0E63-44BB-A1CD-CBAF5ADA650B}.Debug|iPhone.ActiveCfg = Debug|Any CPU
		{D47E3203-0E63-44BB-A1CD-CBAF5ADA650B}.Debug|iPhoneSimulator.ActiveCfg = Debug|Any CPU
		{D47E3203-0E63-44BB-A1CD-CBAF5ADA650B}.Debug|Mixed Platforms.ActiveCfg = Debug|Any CPU
		{D47E3203-0E63-44BB-A1CD-CBAF5ADA650B}.Debug|Mixed Platforms.Build.0 = Debug|Any CPU
		{D47E3203-0E63-44BB-A1CD-CBAF5ADA650B}.Debug|x86.ActiveCfg = Debug|Any CPU
		{D47E3203-0E63-44BB-A1CD-CBAF5ADA650B}.Release|Any CPU.ActiveCfg = Release|Any CPU
		{D47E3203-0E63-44BB-A1CD-CBAF5ADA650B}.Release|Any CPU.Build.0 = Release|Any CPU
		{D47E3203-0E63-44BB-A1CD-CBAF5ADA650B}.Release|ARM.ActiveCfg = Release|Any CPU
		{D47E3203-0E63-44BB-A1CD-CBAF5ADA650B}.Release|iPhone.ActiveCfg = Release|Any CPU
		{D47E3203-0E63-44BB-A1CD-CBAF5ADA650B}.Release|iPhoneSimulator.ActiveCfg = Release|Any CPU
		{D47E3203-0E63-44BB-A1CD-CBAF5ADA650B}.Release|Mixed Platforms.ActiveCfg = Release|Any CPU
		{D47E3203-0E63-44BB-A1CD-CBAF5ADA650B}.Release|Mixed Platforms.Build.0 = Release|Any CPU
		{D47E3203-0E63-44BB-A1CD-CBAF5ADA650B}.Release|x86.ActiveCfg = Release|Any CPU
	EndGlobalSection
	GlobalSection(SolutionProperties) = preSolution
		HideSolutionNode = FALSE
	EndGlobalSection
EndGlobal
